{
  "name": "client-node",
  "version": "1.0.0",
  "lockfileVersion": 1,
  "requires": true,
  "dependencies": {
    "@types/debug": {
      "version": "0.0.30",
      "resolved": "https://registry.npmjs.org/@types/debug/-/debug-0.0.30.tgz",
      "integrity": "sha512-orGL5LXERPYsLov6CWs3Fh6203+dXzJkR7OnddIr2514Hsecwc8xRpzCapshBbKFImCsvS/mk6+FWiN5LyZJAQ==",
      "dev": true
    },
    "@types/node": {
      "version": "10.5.2",
      "resolved": "https://registry.npmjs.org/@types/node/-/node-10.5.2.tgz",
      "integrity": "sha512-m9zXmifkZsMHZBOyxZWilMwmTlpC8x5Ty360JKTiXvlXZfBWYpsg9ZZvP/Ye+iZUh+Q+MxDLjItVTWIsfwz+8Q==",
      "dev": true
    },
    "accept": {
      "version": "3.0.2",
      "resolved": "https://registry.npmjs.org/accept/-/accept-3.0.2.tgz",
      "integrity": "sha512-bghLXFkCOsC1Y2TZ51etWfKDs6q249SAoHTZVfzWWdlZxoij+mgkj9AmUJWQpDY48TfnrTDIe43Xem4zdMe7mQ==",
      "dev": true,
      "requires": {
        "boom": "7.2.0",
        "hoek": "5.0.3"
      }
    },
    "accepts": {
      "version": "1.3.5",
      "resolved": "https://registry.npmjs.org/accepts/-/accepts-1.3.5.tgz",
      "integrity": "sha1-63d99gEXI6OxTopywIBcjoZ0a9I=",
      "dev": true,
      "requires": {
        "mime-types": "2.1.18",
        "negotiator": "0.6.1"
      }
    },
    "ammo": {
      "version": "3.0.1",
      "resolved": "https://registry.npmjs.org/ammo/-/ammo-3.0.1.tgz",
      "integrity": "sha512-4UqoM8xQjwkQ78oiU4NbBK0UgYqeKMAKmwE4ec7Rz3rGU8ZEBFxzgF2sUYKOAlqIXExBDYLN6y1ShF5yQ4hwLQ==",
      "dev": true,
      "requires": {
        "hoek": "5.0.3"
      }
    },
    "array-flatten": {
      "version": "1.1.1",
      "resolved": "https://registry.npmjs.org/array-flatten/-/array-flatten-1.1.1.tgz",
      "integrity": "sha1-ml9pkFGx5wczKPKgCJaLZOopVdI=",
      "dev": true
    },
    "axios": {
      "version": "0.18.0",
      "resolved": "https://registry.npmjs.org/axios/-/axios-0.18.0.tgz",
      "integrity": "sha1-MtU+SFHv3AoRmTts0AB4nXDAUQI=",
      "requires": {
        "follow-redirects": "1.5.1",
        "is-buffer": "1.1.6"
      }
    },
    "b64": {
      "version": "4.0.0",
      "resolved": "https://registry.npmjs.org/b64/-/b64-4.0.0.tgz",
      "integrity": "sha512-EhmUQodKB0sdzPPrbIWbGqA5cQeTWxYrAgNeeT1rLZWtD3tbNTnphz8J4vkXI3cPgBNlXBjzEbzDzq0Nwi4f9A==",
      "dev": true
    },
    "big-time": {
      "version": "2.0.1",
      "resolved": "https://registry.npmjs.org/big-time/-/big-time-2.0.1.tgz",
      "integrity": "sha1-aMffjcMPl+lT8lpnp2rJcTwWyd4=",
      "dev": true
    },
    "body-parser": {
      "version": "1.18.2",
      "resolved": "https://registry.npmjs.org/body-parser/-/body-parser-1.18.2.tgz",
      "integrity": "sha1-h2eKGdhLR9hZuDGZvVm84iKxBFQ=",
      "dev": true,
      "requires": {
        "bytes": "3.0.0",
        "content-type": "1.0.4",
        "debug": "2.6.9",
        "depd": "1.1.2",
        "http-errors": "1.6.3",
        "iconv-lite": "0.4.19",
        "on-finished": "2.3.0",
        "qs": "6.5.1",
        "raw-body": "2.3.2",
        "type-is": "1.6.16"
      },
      "dependencies": {
        "debug": {
          "version": "2.6.9",
          "resolved": "https://registry.npmjs.org/debug/-/debug-2.6.9.tgz",
          "integrity": "sha512-bC7ElrdJaJnPbAP+1EotYvqZsb3ecl5wi6Bfi6BJTUcNowp6cvspg0jXznRTKDjm/E7AdgFBVeAPVMNcKGsHMA==",
          "dev": true,
          "requires": {
            "ms": "2.0.0"
          }
        }
      }
    },
    "boom": {
      "version": "7.2.0",
      "resolved": "https://registry.npmjs.org/boom/-/boom-7.2.0.tgz",
      "integrity": "sha1-K/8kpVVldn/ehp7ICDF+sQxI6WY=",
      "dev": true,
      "requires": {
        "hoek": "5.0.3"
      }
    },
    "bounce": {
      "version": "1.2.0",
      "resolved": "https://registry.npmjs.org/bounce/-/bounce-1.2.0.tgz",
      "integrity": "sha512-8syCGe8B2/WC53118/F/tFy5aW00j+eaGPXmAUP7iBhxc+EBZZxS1vKelWyBCH6IqojgS2t1gF0glH30qAJKEw==",
      "dev": true,
      "requires": {
        "boom": "7.2.0",
        "hoek": "5.0.3"
      }
    },
    "bytes": {
      "version": "3.0.0",
      "resolved": "https://registry.npmjs.org/bytes/-/bytes-3.0.0.tgz",
      "integrity": "sha1-0ygVQE1olpn4Wk6k+odV3ROpYEg=",
      "dev": true
    },
    "call": {
      "version": "5.0.1",
      "resolved": "https://registry.npmjs.org/call/-/call-5.0.1.tgz",
      "integrity": "sha512-ollfFPSshiuYLp7AsrmpkQJ/PxCi6AzV81rCjBwWhyF2QGyUY/vPDMzoh4aUcWyucheRglG2LaS5qkIEfLRh6A==",
      "dev": true,
      "requires": {
        "boom": "7.2.0",
        "hoek": "5.0.3"
      }
    },
    "catbox": {
      "version": "10.0.2",
      "resolved": "https://registry.npmjs.org/catbox/-/catbox-10.0.2.tgz",
      "integrity": "sha512-cTQTQeKMhWHU0lX8CADE3g1koGJu+AlcWFzAjMX/8P+XbkScGYw3tJsQpe2Oh8q68vOQbOLacz9k+6V/F3Z9DA==",
      "dev": true,
      "requires": {
        "boom": "7.2.0",
        "bounce": "1.2.0",
        "hoek": "5.0.3",
        "joi": "13.4.0"
      }
    },
    "catbox-memory": {
      "version": "3.1.2",
      "resolved": "https://registry.npmjs.org/catbox-memory/-/catbox-memory-3.1.2.tgz",
      "integrity": "sha512-lhWtutLVhsq3Mucxk2McxBPPibJ34WcHuWFz3xqub9u9Ve/IQYpZv3ijLhQXfQped9DXozURiaq9O3aZpP91eg==",
      "dev": true,
      "requires": {
        "big-time": "2.0.1",
        "boom": "7.2.0",
        "hoek": "5.0.3"
      }
    },
    "content": {
      "version": "4.0.5",
      "resolved": "https://registry.npmjs.org/content/-/content-4.0.5.tgz",
      "integrity": "sha512-wDP6CTWDpwCf791fNxlCCkZGRkrNzSEU/8ju9Hnr3Uc5mF/gFR5W+fcoGm6zUSlVPdSXYn5pCbySADKj7YM4Cg==",
      "dev": true,
      "requires": {
        "boom": "7.2.0"
      }
    },
    "content-disposition": {
      "version": "0.5.2",
      "resolved": "https://registry.npmjs.org/content-disposition/-/content-disposition-0.5.2.tgz",
      "integrity": "sha1-DPaLud318r55YcOoUXjLhdunjLQ=",
      "dev": true
    },
    "content-type": {
      "version": "1.0.4",
      "resolved": "https://registry.npmjs.org/content-type/-/content-type-1.0.4.tgz",
      "integrity": "sha512-hIP3EEPs8tB9AT1L+NUqtwOAps4mk2Zob89MWXMHjHWg9milF/j4osnnQLXBCBFBk/tvIG/tUc9mOUJiPBhPXA==",
      "dev": true
    },
    "cookie": {
      "version": "0.3.1",
      "resolved": "https://registry.npmjs.org/cookie/-/cookie-0.3.1.tgz",
      "integrity": "sha1-5+Ch+e9DtMi6klxcWpboBtFoc7s=",
      "dev": true
    },
    "cookie-signature": {
      "version": "1.0.6",
      "resolved": "https://registry.npmjs.org/cookie-signature/-/cookie-signature-1.0.6.tgz",
      "integrity": "sha1-4wOogrNCzD7oylE6eZmXNNqzriw=",
      "dev": true
    },
    "crc": {
      "version": "3.4.4",
      "resolved": "https://registry.npmjs.org/crc/-/crc-3.4.4.tgz",
      "integrity": "sha1-naHpgOO9RPxck79as9ozeNheRms=",
      "dev": true
    },
    "cryptiles": {
      "version": "4.1.2",
      "resolved": "https://registry.npmjs.org/cryptiles/-/cryptiles-4.1.2.tgz",
      "integrity": "sha512-U2ALcoAHvA1oO2xOreyHvtkQ+IELqDG2WVWRI1GH/XEmmfGIOalnM5MU5Dd2ITyWfr3m6kNqXiy8XuYyd4wKJw==",
      "dev": true,
      "requires": {
        "boom": "7.2.0"
      }
    },
    "debug": {
      "version": "3.1.0",
      "resolved": "https://registry.npmjs.org/debug/-/debug-3.1.0.tgz",
      "integrity": "sha512-OX8XqP7/1a9cqkxYw2yXss15f26NKWBpDXQd0/uK/KPqdQhxbPa994hnzjcE2VqQpDslf55723cKPUOGSmMY3g==",
      "requires": {
        "ms": "2.0.0"
      }
    },
    "depd": {
      "version": "1.1.2",
      "resolved": "https://registry.npmjs.org/depd/-/depd-1.1.2.tgz",
      "integrity": "sha1-m81S4UwJd2PnSbJ0xDRu0uVgtak=",
      "dev": true
    },
    "destroy": {
      "version": "1.0.4",
      "resolved": "https://registry.npmjs.org/destroy/-/destroy-1.0.4.tgz",
      "integrity": "sha1-l4hXRCxEdJ5CBmE+N5RiBYJqvYA=",
      "dev": true
    },
    "ee-first": {
      "version": "1.1.1",
      "resolved": "https://registry.npmjs.org/ee-first/-/ee-first-1.1.1.tgz",
      "integrity": "sha1-WQxhFWsK4vTwJVcyoViyZrxWsh0=",
      "dev": true
    },
    "encodeurl": {
      "version": "1.0.2",
      "resolved": "https://registry.npmjs.org/encodeurl/-/encodeurl-1.0.2.tgz",
      "integrity": "sha1-rT/0yG7C0CkyL1oCw6mmBslbP1k=",
      "dev": true
    },
    "escape-html": {
      "version": "1.0.3",
      "resolved": "https://registry.npmjs.org/escape-html/-/escape-html-1.0.3.tgz",
      "integrity": "sha1-Aljq5NPQwJdN4cFpGI7wBR0dGYg=",
      "dev": true
    },
    "etag": {
      "version": "1.8.1",
      "resolved": "https://registry.npmjs.org/etag/-/etag-1.8.1.tgz",
      "integrity": "sha1-Qa4u62XvpiJorr/qg6x9eSmbCIc=",
      "dev": true
    },
    "express": {
      "version": "4.16.3",
      "resolved": "https://registry.npmjs.org/express/-/express-4.16.3.tgz",
      "integrity": "sha1-avilAjUNsyRuzEvs9rWjTSL37VM=",
      "dev": true,
      "requires": {
        "accepts": "1.3.5",
        "array-flatten": "1.1.1",
        "body-parser": "1.18.2",
        "content-disposition": "0.5.2",
        "content-type": "1.0.4",
        "cookie": "0.3.1",
        "cookie-signature": "1.0.6",
        "debug": "2.6.9",
        "depd": "1.1.2",
        "encodeurl": "1.0.2",
        "escape-html": "1.0.3",
        "etag": "1.8.1",
        "finalhandler": "1.1.1",
        "fresh": "0.5.2",
        "merge-descriptors": "1.0.1",
        "methods": "1.1.2",
        "on-finished": "2.3.0",
        "parseurl": "1.3.2",
        "path-to-regexp": "0.1.7",
        "proxy-addr": "2.0.3",
        "qs": "6.5.1",
        "range-parser": "1.2.0",
        "safe-buffer": "5.1.1",
        "send": "0.16.2",
        "serve-static": "1.13.2",
        "setprototypeof": "1.1.0",
        "statuses": "1.4.0",
        "type-is": "1.6.16",
        "utils-merge": "1.0.1",
        "vary": "1.1.2"
      },
      "dependencies": {
        "debug": {
          "version": "2.6.9",
          "resolved": "https://registry.npmjs.org/debug/-/debug-2.6.9.tgz",
          "integrity": "sha512-bC7ElrdJaJnPbAP+1EotYvqZsb3ecl5wi6Bfi6BJTUcNowp6cvspg0jXznRTKDjm/E7AdgFBVeAPVMNcKGsHMA==",
          "dev": true,
          "requires": {
            "ms": "2.0.0"
          }
        }
      }
    },
    "express-session": {
      "version": "1.15.6",
      "resolved": "https://registry.npmjs.org/express-session/-/express-session-1.15.6.tgz",
      "integrity": "sha512-r0nrHTCYtAMrFwZ0kBzZEXa1vtPVrw0dKvGSrKP4dahwBQ1BJpF2/y1Pp4sCD/0kvxV4zZeclyvfmw0B4RMJQA==",
      "dev": true,
      "requires": {
        "cookie": "0.3.1",
        "cookie-signature": "1.0.6",
        "crc": "3.4.4",
        "debug": "2.6.9",
        "depd": "1.1.2",
        "on-headers": "1.0.1",
        "parseurl": "1.3.2",
        "uid-safe": "2.1.5",
        "utils-merge": "1.0.1"
      },
      "dependencies": {
        "debug": {
          "version": "2.6.9",
          "resolved": "https://registry.npmjs.org/debug/-/debug-2.6.9.tgz",
          "integrity": "sha512-bC7ElrdJaJnPbAP+1EotYvqZsb3ecl5wi6Bfi6BJTUcNowp6cvspg0jXznRTKDjm/E7AdgFBVeAPVMNcKGsHMA==",
          "dev": true,
          "requires": {
            "ms": "2.0.0"
          }
        }
      }
    },
    "finalhandler": {
      "version": "1.1.1",
      "resolved": "https://registry.npmjs.org/finalhandler/-/finalhandler-1.1.1.tgz",
      "integrity": "sha512-Y1GUDo39ez4aHAw7MysnUD5JzYX+WaIj8I57kO3aEPT1fFRL4sr7mjei97FgnwhAyyzRYmQZaTHb2+9uZ1dPtg==",
      "dev": true,
      "requires": {
        "debug": "2.6.9",
        "encodeurl": "1.0.2",
        "escape-html": "1.0.3",
        "on-finished": "2.3.0",
        "parseurl": "1.3.2",
        "statuses": "1.4.0",
        "unpipe": "1.0.0"
      },
      "dependencies": {
        "debug": {
          "version": "2.6.9",
          "resolved": "https://registry.npmjs.org/debug/-/debug-2.6.9.tgz",
          "integrity": "sha512-bC7ElrdJaJnPbAP+1EotYvqZsb3ecl5wi6Bfi6BJTUcNowp6cvspg0jXznRTKDjm/E7AdgFBVeAPVMNcKGsHMA==",
          "dev": true,
          "requires": {
            "ms": "2.0.0"
          }
        }
      }
    },
    "follow-redirects": {
      "version": "1.5.1",
      "resolved": "https://registry.npmjs.org/follow-redirects/-/follow-redirects-1.5.1.tgz",
      "integrity": "sha512-v9GI1hpaqq1ZZR6pBD1+kI7O24PhDvNGNodjS3MdcEqyrahCp8zbtpv+2B/krUnSmUH80lbAS7MrdeK5IylgKg==",
      "requires": {
        "debug": "3.1.0"
      }
    },
    "forwarded": {
      "version": "0.1.2",
      "resolved": "https://registry.npmjs.org/forwarded/-/forwarded-0.1.2.tgz",
      "integrity": "sha1-mMI9qxF1ZXuMBXPozszZGw/xjIQ=",
      "dev": true
    },
    "fresh": {
      "version": "0.5.2",
      "resolved": "https://registry.npmjs.org/fresh/-/fresh-0.5.2.tgz",
      "integrity": "sha1-PYyt2Q2XZWn6g1qx+OSyOhBWBac=",
      "dev": true
    },
    "hapi": {
      "version": "17.5.2",
      "resolved": "https://registry.npmjs.org/hapi/-/hapi-17.5.2.tgz",
      "integrity": "sha512-UxMKYzrjfXlcztJQPEB3os5rM3SKgSQVxoOym4KI3JdP4pxl5WUdZYF8it4Kga2OMTGwB+ZTy+DU9b/oDaQHRQ==",
      "dev": true,
      "requires": {
        "accept": "3.0.2",
        "ammo": "3.0.1",
        "boom": "7.2.0",
        "bounce": "1.2.0",
        "call": "5.0.1",
        "catbox": "10.0.2",
        "catbox-memory": "3.1.2",
        "heavy": "6.1.0",
        "hoek": "5.0.3",
        "joi": "13.4.0",
        "mimos": "4.0.0",
        "podium": "3.1.2",
        "shot": "4.0.5",
        "statehood": "6.0.6",
        "subtext": "6.0.7",
        "teamwork": "3.0.1",
        "topo": "3.0.0"
      }
    },
    "hapi-server-session": {
      "version": "4.2.1",
      "resolved": "https://registry.npmjs.org/hapi-server-session/-/hapi-server-session-4.2.1.tgz",
      "integrity": "sha512-LRxq8ixU5laPPmZK5angLyl8B6yYzdxclBklQYnaSojKd5K2BcmXuYnjWgxN2EPKY2KwPJJ51EEHYKA8sBdQxg==",
      "dev": true,
      "requires": {
        "hoek": "5.0.3"
      }
    },
    "heavy": {
      "version": "6.1.0",
      "resolved": "https://registry.npmjs.org/heavy/-/heavy-6.1.0.tgz",
      "integrity": "sha512-TKS9DC9NOTGulHQI31Lx+bmeWmNOstbJbGMiN3pX6bF+Zc2GKSpbbym4oasNnB6yPGkqJ9TQXXYDGohqNSJRxA==",
      "dev": true,
      "requires": {
        "boom": "7.2.0",
        "hoek": "5.0.3",
        "joi": "13.4.0"
      }
    },
    "hoek": {
      "version": "5.0.3",
      "resolved": "https://registry.npmjs.org/hoek/-/hoek-5.0.3.tgz",
      "integrity": "sha512-Bmr56pxML1c9kU+NS51SMFkiVQAb+9uFfXwyqR2tn4w2FPvmPt65eZ9aCcEfRXd9G74HkZnILC6p967pED4aiw==",
      "dev": true
    },
    "http-errors": {
      "version": "1.6.3",
      "resolved": "https://registry.npmjs.org/http-errors/-/http-errors-1.6.3.tgz",
      "integrity": "sha1-i1VoC7S+KDoLW/TqLjhYC+HZMg0=",
      "dev": true,
      "requires": {
        "depd": "1.1.2",
        "inherits": "2.0.3",
        "setprototypeof": "1.1.0",
        "statuses": "1.4.0"
      }
    },
    "iconv-lite": {
      "version": "0.4.19",
      "resolved": "https://registry.npmjs.org/iconv-lite/-/iconv-lite-0.4.19.tgz",
      "integrity": "sha512-oTZqweIP51xaGPI4uPa56/Pri/480R+mo7SeU+YETByQNhDG55ycFyNLIgta9vXhILrxXDmF7ZGhqZIcuN0gJQ==",
      "dev": true
    },
    "inherits": {
      "version": "2.0.3",
      "resolved": "https://registry.npmjs.org/inherits/-/inherits-2.0.3.tgz",
      "integrity": "sha1-Yzwsg+PaQqUC9SRmAiSA9CCCYd4=",
      "dev": true
    },
    "ipaddr.js": {
      "version": "1.6.0",
      "resolved": "https://registry.npmjs.org/ipaddr.js/-/ipaddr.js-1.6.0.tgz",
      "integrity": "sha1-4/o1e3c9phnybpXwSdBVxyeW+Gs=",
      "dev": true
    },
    "iron": {
      "version": "5.0.4",
      "resolved": "https://registry.npmjs.org/iron/-/iron-5.0.4.tgz",
      "integrity": "sha512-7iQ5/xFMIYaNt9g2oiNiWdhrOTdRUMFaWENUd0KghxwPUhrIH8DUY8FEyLNTTzf75jaII+jMexLdY/2HfV61RQ==",
      "dev": true,
      "requires": {
        "boom": "7.2.0",
        "cryptiles": "4.1.2",
        "hoek": "5.0.3"
      }
    },
    "is-buffer": {
      "version": "1.1.6",
      "resolved": "https://registry.npmjs.org/is-buffer/-/is-buffer-1.1.6.tgz",
      "integrity": "sha512-NcdALwpXkTm5Zvvbk7owOUSvVvBKDgKP5/ewfXEznmQFfs4ZRmanOeKBTjRVjka3QFoN6XJ+9F3USqfHqTaU5w=="
    },
    "isemail": {
      "version": "3.1.3",
      "resolved": "https://registry.npmjs.org/isemail/-/isemail-3.1.3.tgz",
      "integrity": "sha512-5xbsG5wYADIcB+mfLsd+nst1V/D+I7EU7LEZPo2GOIMu4JzfcRs5yQoypP4avA7QtUqgxYLKBYNv4IdzBmbhdw==",
      "dev": true,
      "requires": {
        "punycode": "2.1.1"
      }
    },
    "joi": {
      "version": "13.4.0",
      "resolved": "https://registry.npmjs.org/joi/-/joi-13.4.0.tgz",
      "integrity": "sha512-JuK4GjEu6j7zr9FuVe2MAseZ6si/8/HaY0qMAejfDFHp7jcH4OKE937mIHM5VT4xDS0q7lpQbszbxKV9rm0yUg==",
      "dev": true,
      "requires": {
        "hoek": "5.0.3",
        "isemail": "3.1.3",
        "topo": "3.0.0"
      }
    },
    "media-typer": {
      "version": "0.3.0",
      "resolved": "https://registry.npmjs.org/media-typer/-/media-typer-0.3.0.tgz",
      "integrity": "sha1-hxDXrwqmJvj/+hzgAWhUUmMlV0g=",
      "dev": true
    },
    "merge-descriptors": {
      "version": "1.0.1",
      "resolved": "https://registry.npmjs.org/merge-descriptors/-/merge-descriptors-1.0.1.tgz",
      "integrity": "sha1-sAqqVW3YtEVoFQ7J0blT8/kMu2E=",
      "dev": true
    },
    "methods": {
      "version": "1.1.2",
      "resolved": "https://registry.npmjs.org/methods/-/methods-1.1.2.tgz",
      "integrity": "sha1-VSmk1nZUE07cxSZmVoNbD4Ua/O4=",
      "dev": true
    },
    "mime": {
      "version": "1.4.1",
      "resolved": "https://registry.npmjs.org/mime/-/mime-1.4.1.tgz",
      "integrity": "sha512-KI1+qOZu5DcW6wayYHSzR/tXKCDC5Om4s1z2QJjDULzLcmf3DvzS7oluY4HCTrc+9FiKmWUgeNLg7W3uIQvxtQ==",
      "dev": true
    },
    "mime-db": {
      "version": "1.33.0",
      "resolved": "https://registry.npmjs.org/mime-db/-/mime-db-1.33.0.tgz",
      "integrity": "sha512-BHJ/EKruNIqJf/QahvxwQZXKygOQ256myeN/Ew+THcAa5q+PjyTTMMeNQC4DZw5AwfvelsUrA6B67NKMqXDbzQ==",
      "dev": true
    },
    "mime-types": {
      "version": "2.1.18",
      "resolved": "https://registry.npmjs.org/mime-types/-/mime-types-2.1.18.tgz",
      "integrity": "sha512-lc/aahn+t4/SWV/qcmumYjymLsWfN3ELhpmVuUFjgsORruuZPVSwAQryq+HHGvO/SI2KVX26bx+En+zhM8g8hQ==",
      "dev": true,
      "requires": {
        "mime-db": "1.33.0"
      }
    },
    "mimos": {
      "version": "4.0.0",
      "resolved": "https://registry.npmjs.org/mimos/-/mimos-4.0.0.tgz",
      "integrity": "sha512-JvlvRLqGIlk+AYypWrbrDmhsM+6JVx/xBM5S3AMwTBz1trPCEoPN/swO2L4Wu653fL7oJdgk8DMQyG/Gq3JkZg==",
      "dev": true,
      "requires": {
        "hoek": "5.0.3",
        "mime-db": "1.33.0"
      }
    },
    "ms": {
      "version": "2.0.0",
      "resolved": "https://registry.npmjs.org/ms/-/ms-2.0.0.tgz",
      "integrity": "sha1-VgiurfwAvmwpAd9fmGF4jeDVl8g="
    },
    "negotiator": {
      "version": "0.6.1",
      "resolved": "https://registry.npmjs.org/negotiator/-/negotiator-0.6.1.tgz",
      "integrity": "sha1-KzJxhOiZIQEXeyhWP7XnECrNDKk=",
      "dev": true
    },
    "nigel": {
      "version": "3.0.1",
      "resolved": "https://registry.npmjs.org/nigel/-/nigel-3.0.1.tgz",
      "integrity": "sha512-kCVtUG9JyD//tsYrZY+/Y+2gUrANVSba8y23QkM5Znx0FOxlnl9Z4OVPBODmstKWTOvigfTO+Va1VPOu3eWSOQ==",
      "dev": true,
      "requires": {
        "hoek": "5.0.3",
        "vise": "3.0.0"
      }
    },
    "on-finished": {
      "version": "2.3.0",
      "resolved": "https://registry.npmjs.org/on-finished/-/on-finished-2.3.0.tgz",
      "integrity": "sha1-IPEzZIGwg811M3mSoWlxqi2QaUc=",
      "dev": true,
      "requires": {
        "ee-first": "1.1.1"
      }
    },
    "on-headers": {
      "version": "1.0.1",
      "resolved": "https://registry.npmjs.org/on-headers/-/on-headers-1.0.1.tgz",
      "integrity": "sha1-ko9dD0cNSTQmUepnlLCFfBAGk/c=",
      "dev": true
    },
    "parseurl": {
      "version": "1.3.2",
      "resolved": "https://registry.npmjs.org/parseurl/-/parseurl-1.3.2.tgz",
      "integrity": "sha1-/CidTtiZMRlGDBViUyYs3I3mW/M=",
      "dev": true
    },
    "path-to-regexp": {
      "version": "0.1.7",
      "resolved": "https://registry.npmjs.org/path-to-regexp/-/path-to-regexp-0.1.7.tgz",
      "integrity": "sha1-32BBeABfUi8V60SQ5yR6G/qmf4w=",
      "dev": true
    },
    "pez": {
      "version": "4.0.2",
      "resolved": "https://registry.npmjs.org/pez/-/pez-4.0.2.tgz",
      "integrity": "sha512-HuPxmGxHsEFPWhdkwBs2gIrHhFqktIxMtudISTFN95RQ85ZZAOl8Ki6u3nnN/X8OUaGlIGldk/l8p2IR4/i76w==",
      "dev": true,
      "requires": {
        "b64": "4.0.0",
        "boom": "7.2.0",
        "content": "4.0.5",
        "hoek": "5.0.3",
        "nigel": "3.0.1"
      }
    },
    "podium": {
      "version": "3.1.2",
      "resolved": "https://registry.npmjs.org/podium/-/podium-3.1.2.tgz",
      "integrity": "sha512-18VrjJAduIdPv7d9zWsfmKxTj3cQTYC5Pv5gtKxcWujYBpGbV+mhNSPYhlHW5xeWoazYyKfB9FEsPT12r5rY1A==",
      "dev": true,
      "requires": {
        "hoek": "5.0.3",
        "joi": "13.4.0"
      }
    },
    "proxy-addr": {
      "version": "2.0.3",
      "resolved": "https://registry.npmjs.org/proxy-addr/-/proxy-addr-2.0.3.tgz",
      "integrity": "sha512-jQTChiCJteusULxjBp8+jftSQE5Obdl3k4cnmLA6WXtK6XFuWRnvVL7aCiBqaLPM8c4ph0S4tKna8XvmIwEnXQ==",
      "dev": true,
      "requires": {
        "forwarded": "0.1.2",
        "ipaddr.js": "1.6.0"
      }
    },
    "punycode": {
      "version": "2.1.1",
      "resolved": "https://registry.npmjs.org/punycode/-/punycode-2.1.1.tgz",
      "integrity": "sha512-XRsRjdf+j5ml+y/6GKHPZbrF/8p2Yga0JPtdqTIY2Xe5ohJPD9saDJJLPvp9+NSBprVvevdXZybnj2cv8OEd0A==",
      "dev": true
    },
    "qs": {
      "version": "6.5.1",
      "resolved": "https://registry.npmjs.org/qs/-/qs-6.5.1.tgz",
      "integrity": "sha512-eRzhrN1WSINYCDCbrz796z37LOe3m5tmW7RQf6oBntukAG1nmovJvhnwHHRMAfeoItc1m2Hk02WER2aQ/iqs+A==",
      "dev": true
    },
    "querystring": {
      "version": "0.2.0",
      "resolved": "https://registry.npmjs.org/querystring/-/querystring-0.2.0.tgz",
      "integrity": "sha1-sgmEkgO7Jd+CDadW50cAWHhSFiA="
    },
    "random-bytes": {
      "version": "1.0.0",
      "resolved": "https://registry.npmjs.org/random-bytes/-/random-bytes-1.0.0.tgz",
      "integrity": "sha1-T2ih3Arli9P7lYSMMDJNt11kNgs=",
      "dev": true
    },
    "range-parser": {
      "version": "1.2.0",
      "resolved": "https://registry.npmjs.org/range-parser/-/range-parser-1.2.0.tgz",
      "integrity": "sha1-9JvmtIeJTdxA3MlKMi9hEJLgDV4=",
      "dev": true
    },
    "raw-body": {
      "version": "2.3.2",
      "resolved": "https://registry.npmjs.org/raw-body/-/raw-body-2.3.2.tgz",
      "integrity": "sha1-vNYMd9Prk83gBQKVw/N5OJvIj4k=",
      "dev": true,
      "requires": {
        "bytes": "3.0.0",
        "http-errors": "1.6.2",
        "iconv-lite": "0.4.19",
        "unpipe": "1.0.0"
      },
      "dependencies": {
        "depd": {
          "version": "1.1.1",
          "resolved": "https://registry.npmjs.org/depd/-/depd-1.1.1.tgz",
          "integrity": "sha1-V4O04cRZ8G+lyif5kfPQbnoxA1k=",
          "dev": true
        },
        "http-errors": {
          "version": "1.6.2",
          "resolved": "https://registry.npmjs.org/http-errors/-/http-errors-1.6.2.tgz",
          "integrity": "sha1-CgAsyFcHGSp+eUbO7cERVfYOxzY=",
          "dev": true,
          "requires": {
            "depd": "1.1.1",
            "inherits": "2.0.3",
            "setprototypeof": "1.0.3",
            "statuses": "1.4.0"
          }
        },
        "setprototypeof": {
          "version": "1.0.3",
          "resolved": "https://registry.npmjs.org/setprototypeof/-/setprototypeof-1.0.3.tgz",
          "integrity": "sha1-ZlZ+NwQ+608E2RvWWMDL77VbjgQ=",
          "dev": true
        }
      }
    },
    "safe-buffer": {
      "version": "5.1.1",
      "resolved": "https://registry.npmjs.org/safe-buffer/-/safe-buffer-5.1.1.tgz",
      "integrity": "sha512-kKvNJn6Mm93gAczWVJg7wH+wGYWNrDHdWvpUmHyEsgCtIwwo3bqPtV4tR5tuPaUhTOo/kvhVwd8XwwOllGYkbg==",
      "dev": true
    },
    "send": {
      "version": "0.16.2",
      "resolved": "https://registry.npmjs.org/send/-/send-0.16.2.tgz",
      "integrity": "sha512-E64YFPUssFHEFBvpbbjr44NCLtI1AohxQ8ZSiJjQLskAdKuriYEP6VyGEsRDH8ScozGpkaX1BGvhanqCwkcEZw==",
      "dev": true,
      "requires": {
        "debug": "2.6.9",
        "depd": "1.1.2",
        "destroy": "1.0.4",
        "encodeurl": "1.0.2",
        "escape-html": "1.0.3",
        "etag": "1.8.1",
        "fresh": "0.5.2",
        "http-errors": "1.6.3",
        "mime": "1.4.1",
        "ms": "2.0.0",
        "on-finished": "2.3.0",
        "range-parser": "1.2.0",
        "statuses": "1.4.0"
      },
      "dependencies": {
        "debug": {
          "version": "2.6.9",
          "resolved": "https://registry.npmjs.org/debug/-/debug-2.6.9.tgz",
          "integrity": "sha512-bC7ElrdJaJnPbAP+1EotYvqZsb3ecl5wi6Bfi6BJTUcNowp6cvspg0jXznRTKDjm/E7AdgFBVeAPVMNcKGsHMA==",
          "dev": true,
          "requires": {
            "ms": "2.0.0"
          }
        }
      }
    },
    "serve-static": {
      "version": "1.13.2",
      "resolved": "https://registry.npmjs.org/serve-static/-/serve-static-1.13.2.tgz",
      "integrity": "sha512-p/tdJrO4U387R9oMjb1oj7qSMaMfmOyd4j9hOFoxZe2baQszgHcSWjuya/CiT5kgZZKRudHNOA0pYXOl8rQ5nw==",
      "dev": true,
      "requires": {
        "encodeurl": "1.0.2",
        "escape-html": "1.0.3",
        "parseurl": "1.3.2",
        "send": "0.16.2"
      }
    },
    "setprototypeof": {
      "version": "1.1.0",
      "resolved": "https://registry.npmjs.org/setprototypeof/-/setprototypeof-1.1.0.tgz",
      "integrity": "sha512-BvE/TwpZX4FXExxOxZyRGQQv651MSwmWKZGqvmPcRIjDqWub67kTKuIMx43cZZrS/cBBzwBcNDWoFxt2XEFIpQ==",
      "dev": true
    },
    "shot": {
      "version": "4.0.5",
      "resolved": "https://registry.npmjs.org/shot/-/shot-4.0.5.tgz",
      "integrity": "sha1-x+dFXRHWD2ts08Q+FaO0McF+VWY=",
      "dev": true,
      "requires": {
        "hoek": "5.0.3",
        "joi": "13.4.0"
      }
    },
    "statehood": {
      "version": "6.0.6",
      "resolved": "https://registry.npmjs.org/statehood/-/statehood-6.0.6.tgz",
      "integrity": "sha512-jR45n5ZMAkasw0xoE9j9TuLmJv4Sa3AkXe+6yIFT6a07kXYHgSbuD2OVGECdZGFxTmvNqLwL1iRIgvq6O6rq+A==",
      "dev": true,
      "requires": {
        "boom": "7.2.0",
        "bounce": "1.2.0",
        "cryptiles": "4.1.2",
        "hoek": "5.0.3",
        "iron": "5.0.4",
        "joi": "13.4.0"
      }
    },
    "statuses": {
      "version": "1.4.0",
      "resolved": "https://registry.npmjs.org/statuses/-/statuses-1.4.0.tgz",
      "integrity": "sha512-zhSCtt8v2NDrRlPQpCNtw/heZLtfUDqxBM1udqikb/Hbk52LK4nQSwr10u77iopCW5LsyHpuXS0GnEc48mLeew==",
      "dev": true
    },
    "subtext": {
      "version": "6.0.7",
      "resolved": "https://registry.npmjs.org/subtext/-/subtext-6.0.7.tgz",
      "integrity": "sha512-IcJUvRjeR+NB437Iq+LORFNJW4L6Knqkj3oQrBrkdhIaS2VKJvx/9aYEq7vi+PEx5/OuehOL/40SkSZotLi/MA==",
      "dev": true,
      "requires": {
        "boom": "7.2.0",
        "content": "4.0.5",
        "hoek": "5.0.3",
        "pez": "4.0.2",
        "wreck": "14.0.2"
      }
    },
    "teamwork": {
      "version": "3.0.1",
      "resolved": "https://registry.npmjs.org/teamwork/-/teamwork-3.0.1.tgz",
      "integrity": "sha512-hEkJIpDOfOYe9NYaLFk00zQbzZeKNCY8T2pRH3I13Y1mJwxaSQ6NEsjY5rCp+11ezCiZpWGoGFTbOuhg4qKevQ==",
      "dev": true
    },
    "topo": {
      "version": "3.0.0",
      "resolved": "https://registry.npmjs.org/topo/-/topo-3.0.0.tgz",
      "integrity": "sha512-Tlu1fGlR90iCdIPURqPiufqAlCZYzLjHYVVbcFWDMcX7+tK8hdZWAfsMrD/pBul9jqHHwFjNdf1WaxA9vTRRhw==",
      "dev": true,
      "requires": {
        "hoek": "5.0.3"
      }
    },
    "type-is": {
      "version": "1.6.16",
      "resolved": "https://registry.npmjs.org/type-is/-/type-is-1.6.16.tgz",
      "integrity": "sha512-HRkVv/5qY2G6I8iab9cI7v1bOIdhm94dVjQCPFElW9W+3GeDOSHmy2EBYe4VTApuzolPcmgFTN3ftVJRKR2J9Q==",
      "dev": true,
      "requires": {
        "media-typer": "0.3.0",
        "mime-types": "2.1.18"
      }
    },
    "typescript": {
      "version": "2.9.2",
      "resolved": "https://registry.npmjs.org/typescript/-/typescript-2.9.2.tgz",
      "integrity": "sha512-Gr4p6nFNaoufRIY4NMdpQRNmgxVIGMs4Fcu/ujdYk3nAZqk7supzBE9idmvfZIlH/Cuj//dvi+019qEue9lV0w==",
      "dev": true
    },
    "uid-safe": {
      "version": "2.1.5",
      "resolved": "https://registry.npmjs.org/uid-safe/-/uid-safe-2.1.5.tgz",
      "integrity": "sha512-KPHm4VL5dDXKz01UuEd88Df+KzynaohSL9fBh096KWAxSKZQDI2uBrVqtvRM4rwrIrRRKsdLNML/lnaaVSRioA==",
      "dev": true,
      "requires": {
        "random-bytes": "1.0.0"
      }
    },
    "unpipe": {
      "version": "1.0.0",
      "resolved": "https://registry.npmjs.org/unpipe/-/unpipe-1.0.0.tgz",
      "integrity": "sha1-sr9O6FFKrmFltIF4KdIbLvSZBOw=",
      "dev": true
    },
    "utils-merge": {
      "version": "1.0.1",
      "resolved": "https://registry.npmjs.org/utils-merge/-/utils-merge-1.0.1.tgz",
      "integrity": "sha1-n5VxD1CiZ5R7LMwSR0HBAoQn5xM=",
      "dev": true
    },
    "vary": {
      "version": "1.1.2",
      "resolved": "https://registry.npmjs.org/vary/-/vary-1.1.2.tgz",
      "integrity": "sha1-IpnwLG3tMNSllhsLn3RSShj2NPw=",
      "dev": true
    },
    "vise": {
      "version": "3.0.0",
      "resolved": "https://registry.npmjs.org/vise/-/vise-3.0.0.tgz",
      "integrity": "sha512-kBFZLmiL1Vm3rHXphkhvvAcsjgeQXRrOFCbJb0I50YZZP4HGRNH+xGzK3matIMcpbsfr3I02u9odj4oCD0TWgA==",
      "dev": true,
      "requires": {
        "hoek": "5.0.3"
      }
    },
    "wreck": {
      "version": "14.0.2",
      "resolved": "https://registry.npmjs.org/wreck/-/wreck-14.0.2.tgz",
      "integrity": "sha512-QCm3omWNJUseqrSzwX2QZi1rBbmCfbFHJAXputLLyZ37VSiFnSYQB0ms/mPnSvrlIu7GVm89Y/gBNhSY26uVIQ==",
      "dev": true,
      "requires": {
        "boom": "7.2.0",
        "hoek": "5.0.3"
      }
    }
  }
}
